// !$*UTF8*$!
{
	archiveVersion = 1;
	classes = {
	};
	objectVersion = 50;
	objects = {

/* Begin PBXBuildFile section */
		B70B2A34234E6AC000DBD376 /* AppDelegate.swift in Sources */ = {isa = PBXBuildFile; fileRef = B70B2A33234E6AC000DBD376 /* AppDelegate.swift */; };
		B70B2A36234E6AC000DBD376 /* ViewController.swift in Sources */ = {isa = PBXBuildFile; fileRef = B70B2A35234E6AC000DBD376 /* ViewController.swift */; };
		B70B2A39234E6AC000DBD376 /* Main.storyboard in Resources */ = {isa = PBXBuildFile; fileRef = B70B2A37234E6AC000DBD376 /* Main.storyboard */; };
		B70B2A3C234E6AC000DBD376 /* FirebaseChat.xcdatamodeld in Sources */ = {isa = PBXBuildFile; fileRef = B70B2A3A234E6AC000DBD376 /* FirebaseChat.xcdatamodeld */; };
		B70B2A3E234E6AC200DBD376 /* Assets.xcassets in Resources */ = {isa = PBXBuildFile; fileRef = B70B2A3D234E6AC200DBD376 /* Assets.xcassets */; };
		B70B2A41234E6AC200DBD376 /* LaunchScreen.storyboard in Resources */ = {isa = PBXBuildFile; fileRef = B70B2A3F234E6AC200DBD376 /* LaunchScreen.storyboard */; };
		B70B2A4C234E6AC200DBD376 /* FirebaseChatTests.swift in Sources */ = {isa = PBXBuildFile; fileRef = B70B2A4B234E6AC200DBD376 /* FirebaseChatTests.swift */; };
/* End PBXBuildFile section */

/* Begin PBXContainerItemProxy section */
		B70B2A48234E6AC200DBD376 /* PBXContainerItemProxy */ = {
			isa = PBXContainerItemProxy;
			containerPortal = B70B2A28234E6AC000DBD376 /* Project object */;
			proxyType = 1;
			remoteGlobalIDString = B70B2A2F234E6AC000DBD376;
			remoteInfo = FirebaseChat;
		};
/* End PBXContainerItemProxy section */

/* Begin PBXFileReference section */
		B70B2A30234E6AC000DBD376 /* FirebaseChat.app */ = {isa = PBXFileReference; explicitFileType = wrapper.application; includeInIndex = 0; path = FirebaseChat.app; sourceTree = BUILT_PRODUCTS_DIR; };
		B70B2A33234E6AC000DBD376 /* AppDelegate.swift */ = {isa = PBXFileReference; lastKnownFileType = sourcecode.swift; path = AppDelegate.swift; sourceTree = "<group>"; };
		B70B2A35234E6AC000DBD376 /* ViewController.swift */ = {isa = PBXFileReference; lastKnownFileType = sourcecode.swift; path = ViewController.swift; sourceTree = "<group>"; };
		B70B2A38234E6AC000DBD376 /* Base */ = {isa = PBXFileReference; lastKnownFileType = file.storyboard; name = Base; path = Base.lproj/Main.storyboard; sourceTree = "<group>"; };
		B70B2A3B234E6AC000DBD376 /* FirebaseChat.xcdatamodel */ = {isa = PBXFileReference; lastKnownFileType = wrapper.xcdatamodel; path = FirebaseChat.xcdatamodel; sourceTree = "<group>"; };
		B70B2A3D234E6AC200DBD376 /* Assets.xcassets */ = {isa = PBXFileReference; lastKnownFileType = folder.assetcatalog; path = Assets.xcassets; sourceTree = "<group>"; };
		B70B2A40234E6AC200DBD376 /* Base */ = {isa = PBXFileReference; lastKnownFileType = file.storyboard; name = Base; path = Base.lproj/LaunchScreen.storyboard; sourceTree = "<group>"; };
		B70B2A42234E6AC200DBD376 /* Info.plist */ = {isa = PBXFileReference; lastKnownFileType = text.plist.xml; path = Info.plist; sourceTree = "<group>"; };
		B70B2A47234E6AC200DBD376 /* FirebaseChatTests.xctest */ = {isa = PBXFileReference; explicitFileType = wrapper.cfbundle; includeInIndex = 0; path = FirebaseChatTests.xctest; sourceTree = BUILT_PRODUCTS_DIR; };
		B70B2A4B234E6AC200DBD376 /* FirebaseChatTests.swift */ = {isa = PBXFileReference; lastKnownFileType = sourcecode.swift; path = FirebaseChatTests.swift; sourceTree = "<group>"; };
		B70B2A4D234E6AC200DBD376 /* Info.plist */ = {isa = PBXFileReference; lastKnownFileType = text.plist.xml; path = Info.plist; sourceTree = "<group>"; };
/* End PBXFileReference section */

/* Begin PBXFrameworksBuildPhase section */
		B70B2A2D234E6AC000DBD376 /* Frameworks */ = {
			isa = PBXFrameworksBuildPhase;
			buildActionMask = 2147483647;
			files = (
			);
			runOnlyForDeploymentPostprocessing = 0;
		};
		B70B2A44234E6AC200DBD376 /* Frameworks */ = {
			isa = PBXFrameworksBuildPhase;
			buildActionMask = 2147483647;
			files = (
			);
			runOnlyForDeploymentPostprocessing = 0;
		};
/* End PBXFrameworksBuildPhase section */

/* Begin PBXGroup section */
		B70B2A27234E6AC000DBD376 = {
			isa = PBXGroup;
			children = (
				B70B2A32234E6AC000DBD376 /* FirebaseChat */,
				B70B2A4A234E6AC200DBD376 /* FirebaseChatTests */,
				B70B2A31234E6AC000DBD376 /* Products */,
			);
			sourceTree = "<group>";
		};
		B70B2A31234E6AC000DBD376 /* Products */ = {
			isa = PBXGroup;
			children = (
				B70B2A30234E6AC000DBD376 /* FirebaseChat.app */,
				B70B2A47234E6AC200DBD376 /* FirebaseChatTests.xctest */,
			);
			name = Products;
			sourceTree = "<group>";
		};
		B70B2A32234E6AC000DBD376 /* FirebaseChat */ = {
			isa = PBXGroup;
			children = (
				B70B2A33234E6AC000DBD376 /* AppDelegate.swift */,
				B70B2A35234E6AC000DBD376 /* ViewController.swift */,
				B70B2A37234E6AC000DBD376 /* Main.storyboard */,
				B70B2A3D234E6AC200DBD376 /* Assets.xcassets */,
				B70B2A3F234E6AC200DBD376 /* LaunchScreen.storyboard */,
				B70B2A42234E6AC200DBD376 /* Info.plist */,
				B70B2A3A234E6AC000DBD376 /* FirebaseChat.xcdatamodeld */,
			);
			path = FirebaseChat;
			sourceTree = "<group>";
		};
		B70B2A4A234E6AC200DBD376 /* FirebaseChatTests */ = {
			isa = PBXGroup;
			children = (
				B70B2A4B234E6AC200DBD376 /* FirebaseChatTests.swift */,
				B70B2A4D234E6AC200DBD376 /* Info.plist */,
			);
			path = FirebaseChatTests;
			sourceTree = "<group>";
		};
/* End PBXGroup section */

/* Begin PBXNativeTarget section */
		B70B2A2F234E6AC000DBD376 /* FirebaseChat */ = {
			isa = PBXNativeTarget;
			buildConfigurationList = B70B2A50234E6AC200DBD376 /* Build configuration list for PBXNativeTarget "FirebaseChat" */;
			buildPhases = (
				B70B2A2C234E6AC000DBD376 /* Sources */,
				B70B2A2D234E6AC000DBD376 /* Frameworks */,
				B70B2A2E234E6AC000DBD376 /* Resources */,
			);
			buildRules = (
			);
			dependencies = (
			);
			name = FirebaseChat;
			productName = FirebaseChat;
			productReference = B70B2A30234E6AC000DBD376 /* FirebaseChat.app */;
			productType = "com.apple.product-type.application";
		};
		B70B2A46234E6AC200DBD376 /* FirebaseChatTests */ = {
			isa = PBXNativeTarget;
			buildConfigurationList = B70B2A53234E6AC200DBD376 /* Build configuration list for PBXNativeTarget "FirebaseChatTests" */;
			buildPhases = (
				B70B2A43234E6AC200DBD376 /* Sources */,
				B70B2A44234E6AC200DBD376 /* Frameworks */,
				B70B2A45234E6AC200DBD376 /* Resources */,
			);
			buildRules = (
			);
			dependencies = (
				B70B2A49234E6AC200DBD376 /* PBXTargetDependency */,
			);
			name = FirebaseChatTests;
			productName = FirebaseChatTests;
			productReference = B70B2A47234E6AC200DBD376 /* FirebaseChatTests.xctest */;
			productType = "com.apple.product-type.bundle.unit-test";
		};
/* End PBXNativeTarget section */

/* Begin PBXProject section */
		B70B2A28234E6AC000DBD376 /* Project object */ = {
			isa = PBXProject;
			attributes = {
				LastSwiftUpdateCheck = 1030;
				LastUpgradeCheck = 1030;
				ORGANIZATIONNAME = MacHD;
				TargetAttributes = {
					B70B2A2F234E6AC000DBD376 = {
						CreatedOnToolsVersion = 10.3;
					};
					B70B2A46234E6AC200DBD376 = {
						CreatedOnToolsVersion = 10.3;
						TestTargetID = B70B2A2F234E6AC000DBD376;
					};
				};
			};
			buildConfigurationList = B70B2A2B234E6AC000DBD376 /* Build configuration list for PBXProject "FirebaseChat" */;
			compatibilityVersion = "Xcode 9.3";
			developmentRegion = en;
			hasScannedForEncodings = 0;
			knownRegions = (
				en,
				Base,
			);
			mainGroup = B70B2A27234E6AC000DBD376;
			productRefGroup = B70B2A31234E6AC000DBD376 /* Products */;
			projectDirPath = "";
			projectRoot = "";
			targets = (
				B70B2A2F234E6AC000DBD376 /* FirebaseChat */,
				B70B2A46234E6AC200DBD376 /* FirebaseChatTests */,
			);
		};
/* End PBXProject section */

/* Begin PBXResourcesBuildPhase section */
		B70B2A2E234E6AC000DBD376 /* Resources */ = {
			isa = PBXResourcesBuildPhase;
			buildActionMask = 2147483647;
			files = (
				B70B2A41234E6AC200DBD376 /* LaunchScreen.storyboard in Resources */,
				B70B2A3E234E6AC200DBD376 /* Assets.xcassets in Resources */,
				B70B2A39234E6AC000DBD376 /* Main.storyboard in Resources */,
			);
			runOnlyForDeploymentPostprocessing = 0;
		};
		B70B2A45234E6AC200DBD376 /* Resources */ = {
			isa = PBXResourcesBuildPhase;
			buildActionMask = 2147483647;
			files = (
			);
			runOnlyForDeploymentPostprocessing = 0;
		};
/* End PBXResourcesBuildPhase section */

/* Begin PBXSourcesBuildPhase section */
		B70B2A2C234E6AC000DBD376 /* Sources */ = {
			isa = PBXSourcesBuildPhase;
			buildActionMask = 2147483647;
			files = (
				B70B2A36234E6AC000DBD376 /* ViewController.swift in Sources */,
				B70B2A34234E6AC000DBD376 /* AppDelegate.swift in Sources */,
				B70B2A3C234E6AC000DBD376 /* FirebaseChat.xcdatamodeld in Sources */,
			);
			runOnlyForDeploymentPostprocessing = 0;
		};
		B70B2A43234E6AC200DBD376 /* Sources */ = {
			isa = PBXSourcesBuildPhase;
			buildActionMask = 2147483647;
			files = (
				B70B2A4C234E6AC200DBD376 /* FirebaseChatTests.swift in Sources */,
			);
			runOnlyForDeploymentPostprocessing = 0;
		};
/* End PBXSourcesBuildPhase section */

/* Begin PBXTargetDependency section */
		B70B2A49234E6AC200DBD376 /* PBXTargetDependency */ = {
			isa = PBXTargetDependency;
			target = B70B2A2F234E6AC000DBD376 /* FirebaseChat */;
			targetProxy = B70B2A48234E6AC200DBD376 /* PBXContainerItemProxy */;
		};
/* End PBXTargetDependency section */

/* Begin PBXVariantGroup section */
		B70B2A37234E6AC000DBD376 /* Main.storyboard */ = {
			isa = PBXVariantGroup;
			children = (
				B70B2A38234E6AC000DBD376 /* Base */,
			);
			name = Main.storyboard;
			sourceTree = "<group>";
		};
		B70B2A3F234E6AC200DBD376 /* LaunchScreen.storyboard */ = {
			isa = PBXVariantGroup;
			children = (
				B70B2A40234E6AC200DBD376 /* Base */,
			);
			name = LaunchScreen.storyboard;
			sourceTree = "<group>";
		};
/* End PBXVariantGroup section */

/* Begin XCBuildConfiguration section */
		B70B2A4E234E6AC200DBD376 /* Debug */ = {
			isa = XCBuildConfiguration;
			buildSettings = {
				ALWAYS_SEARCH_USER_PATHS = NO;
				CLANG_ANALYZER_NONNULL = YES;
				CLANG_ANALYZER_NUMBER_OBJECT_CONVERSION = YES_AGGRESSIVE;
				CLANG_CXX_LANGUAGE_STANDARD = "gnu++14";
				CLANG_CXX_LIBRARY = "libc++";
				CLANG_ENABLE_MODULES = YES;
				CLANG_ENABLE_OBJC_ARC = YES;
				CLANG_ENABLE_OBJC_WEAK = YES;
				CLANG_WARN_BLOCK_CAPTURE_AUTORELEASING = YES;
				CLANG_WARN_BOOL_CONVERSION = YES;
				CLANG_WARN_COMMA = YES;
				CLANG_WARN_CONSTANT_CONVERSION = YES;
				CLANG_WARN_DEPRECATED_OBJC_IMPLEMENTATIONS = YES;
				CLANG_WARN_DIRECT_OBJC_ISA_USAGE = YES_ERROR;
				CLANG_WARN_DOCUMENTATION_COMMENTS = YES;
				CLANG_WARN_EMPTY_BODY = YES;
				CLANG_WARN_ENUM_CONVERSION = YES;
				CLANG_WARN_INFINITE_RECURSION = YES;
				CLANG_WARN_INT_CONVERSION = YES;
				CLANG_WARN_NON_LITERAL_NULL_CONVERSION = YES;
				CLANG_WARN_OBJC_IMPLICIT_RETAIN_SELF = YES;
				CLANG_WARN_OBJC_LITERAL_CONVERSION = YES;
				CLANG_WARN_OBJC_ROOT_CLASS = YES_ERROR;
				CLANG_WARN_RANGE_LOOP_ANALYSIS = YES;
				CLANG_WARN_STRICT_PROTOTYPES = YES;
				CLANG_WARN_SUSPICIOUS_MOVE = YES;
				CLANG_WARN_UNGUARDED_AVAILABILITY = YES_AGGRESSIVE;
				CLANG_WARN_UNREACHABLE_CODE = YES;
				CLANG_WARN__DUPLICATE_METHOD_MATCH = YES;
				CODE_SIGN_IDENTITY = "iPhone Developer";
				COPY_PHASE_STRIP = NO;
				DEBUG_INFORMATION_FORMAT = dwarf;
				ENABLE_STRICT_OBJC_MSGSEND = YES;
				ENABLE_TESTABILITY = YES;
				GCC_C_LANGUAGE_STANDARD = gnu11;
				GCC_DYNAMIC_NO_PIC = NO;
				GCC_NO_COMMON_BLOCKS = YES;
				GCC_OPTIMIZATION_LEVEL = 0;
				GCC_PREPROCESSOR_DEFINITIONS = (
					"DEBUG=1",
					"$(inherited)",
				);
				GCC_WARN_64_TO_32_BIT_CONVERSION = YES;
				GCC_WARN_ABOUT_RETURN_TYPE = YES_ERROR;
				GCC_WARN_UNDECLARED_SELECTOR = YES;
				GCC_WARN_UNINITIALIZED_AUTOS = YES_AGGRESSIVE;
				GCC_WARN_UNUSED_FUNCTION = YES;
				GCC_WARN_UNUSED_VARIABLE = YES;
				IPHONEOS_DEPLOYMENT_TARGET = 12.4;
				MTL_ENABLE_DEBUG_INFO = INCLUDE_SOURCE;
				MTL_FAST_MATH = YES;
				ONLY_ACTIVE_ARCH = YES;
				SDKROOT = iphoneos;
				SWIFT_ACTIVE_COMPILATION_CONDITIONS = DEBUG;
				SWIFT_OPTIMIZATION_LEVEL = "-Onone";
			};
			name = Debug;
		};
		B70B2A4F234E6AC200DBD376 /* Release */ = {
			isa = XCBuildConfiguration;
			buildSettings = {
				ALWAYS_SEARCH_USER_PATHS = NO;
				CLANG_ANALYZER_NONNULL = YES;
				CLANG_ANALYZER_NUMBER_OBJECT_CONVERSION = YES_AGGRESSIVE;
				CLANG_CXX_LANGUAGE_STANDARD = "gnu++14";
				CLANG_CXX_LIBRARY = "libc++";
				CLANG_ENABLE_MODULES = YES;
				CLANG_ENABLE_OBJC_ARC = YES;
				CLANG_ENABLE_OBJC_WEAK = YES;
				CLANG_WARN_BLOCK_CAPTURE_AUTORELEASING = YES;
				CLANG_WARN_BOOL_CONVERSION = YES;
				CLANG_WARN_COMMA = YES;
				CLANG_WARN_CONSTANT_CONVERSION = YES;
				CLANG_WARN_DEPRECATED_OBJC_IMPLEMENTATIONS = YES;
				CLANG_WARN_DIRECT_OBJC_ISA_USAGE = YES_ERROR;
				CLANG_WARN_DOCUMENTATION_COMMENTS = YES;
				CLANG_WARN_EMPTY_BODY = YES;
				CLANG_WARN_ENUM_CONVERSION = YES;
				CLANG_WARN_INFINITE_RECURSION = YES;
				CLANG_WARN_INT_CONVERSION = YES;
				CLANG_WARN_NON_LITERAL_NULL_CONVERSION = YES;
				CLANG_WARN_OBJC_IMPLICIT_RETAIN_SELF = YES;
				CLANG_WARN_OBJC_LITERAL_CONVERSION = YES;
				CLANG_WARN_OBJC_ROOT_CLASS = YES_ERROR;
				CLANG_WARN_RANGE_LOOP_ANALYSIS = YES;
				CLANG_WARN_STRICT_PROTOTYPES = YES;
				CLANG_WARN_SUSPICIOUS_MOVE = YES;
				CLANG_WARN_UNGUARDED_AVAILABILITY = YES_AGGRESSIVE;
				CLANG_WARN_UNREACHABLE_CODE = YES;
				CLANG_WARN__DUPLICATE_METHOD_MATCH = YES;
				CODE_SIGN_IDENTITY = "iPhone Developer";
				COPY_PHASE_STRIP = NO;
				DEBUG_INFORMATION_FORMAT = "dwarf-with-dsym";
				ENABLE_NS_ASSERTIONS = NO;
				ENABLE_STRICT_OBJC_MSGSEND = YES;
				GCC_C_LANGUAGE_STANDARD = gnu11;
				GCC_NO_COMMON_BLOCKS = YES;
				GCC_WARN_64_TO_32_BIT_CONVERSION = YES;
				GCC_WARN_ABOUT_RETURN_TYPE = YES_ERROR;
				GCC_WARN_UNDECLARED_SELECTOR = YES;
				GCC_WARN_UNINITIALIZED_AUTOS = YES_AGGRESSIVE;
				GCC_WARN_UNUSED_FUNCTION = YES;
				GCC_WARN_UNUSED_VARIABLE = YES;
				IPHONEOS_DEPLOYMENT_TARGET = 12.4;
				MTL_ENABLE_DEBUG_INFO = NO;
				MTL_FAST_MATH = YES;
				SDKROOT = iphoneos;
				SWIFT_COMPILATION_MODE = wholemodule;
				SWIFT_OPTIMIZATION_LEVEL = "-O";
				VALIDATE_PRODUCT = YES;
			};
			name = Release;
		};
		B70B2A51234E6AC200DBD376 /* Debug */ = {
			isa = XCBuildConfiguration;
			buildSettings = {
				ASSETCATALOG_COMPILER_APPICON_NAME = AppIcon;
				CODE_SIGN_STYLE = Automatic;
				DEVELOPMENT_TEAM = 3R7KB94X5D;
				INFOPLIST_FILE = FirebaseChat/Info.plist;
				LD_RUNPATH_SEARCH_PATHS = (
					"$(inherited)",
					"@executable_path/Frameworks",
				);
				PRODUCT_BUNDLE_IDENTIFIER = com.gg.FirebaseChat;
				PRODUCT_NAME = "$(TARGET_NAME)";
				SWIFT_VERSION = 5.0;
				TARGETED_DEVICE_FAMILY = "1,2";
			};
			name = Debug;
		};
		B70B2A52234E6AC200DBD376 /* Release */ = {
			isa = XCBuildConfiguration;
			buildSettings = {
				ASSETCATALOG_COMPILER_APPICON_NAME = AppIcon;
				CODE_SIGN_STYLE = Automatic;
				DEVELOPMENT_TEAM = 3R7KB94X5D;
				INFOPLIST_FILE = FirebaseChat/Info.plist;
				LD_RUNPATH_SEARCH_PATHS = (
					"$(inherited)",
					"@executable_path/Frameworks",
				);
				PRODUCT_BUNDLE_IDENTIFIER = com.gg.FirebaseChat;
				PRODUCT_NAME = "$(TARGET_NAME)";
				SWIFT_VERSION = 5.0;
				TARGETED_DEVICE_FAMILY = "1,2";
			};
			name = Release;
		};
		B70B2A54234E6AC200DBD376 /* Debug */ = {
			isa = XCBuildConfiguration;
			buildSettings = {
				ALWAYS_EMBED_SWIFT_STANDARD_LIBRARIES = YES;
				BUNDLE_LOADER = "$(TEST_HOST)";
				CODE_SIGN_STYLE = Automatic;
				DEVELOPMENT_TEAM = 3R7KB94X5D;
				INFOPLIST_FILE = FirebaseChatTests/Info.plist;
				LD_RUNPATH_SEARCH_PATHS = (
					"$(inherited)",
					"@executable_path/Frameworks",
					"@loader_path/Frameworks",
				);
				PRODUCT_BUNDLE_IDENTIFIER = com.gg.FirebaseChatTests;
				PRODUCT_NAME = "$(TARGET_NAME)";
				SWIFT_VERSION = 5.0;
				TARGETED_DEVICE_FAMILY = "1,2";
				TEST_HOST = "$(BUILT_PRODUCTS_DIR)/FirebaseChat.app/FirebaseChat";
			};
			name = Debug;
		};
		B70B2A55234E6AC200DBD376 /* Release */ = {
			isa = XCBuildConfiguration;
			buildSettings = {
				ALWAYS_EMBED_SWIFT_STANDARD_LIBRARIES = YES;
				BUNDLE_LOADER = "$(TEST_HOST)";
				CODE_SIGN_STYLE = Automatic;
				DEVELOPMENT_TEAM = 3R7KB94X5D;
				INFOPLIST_FILE = FirebaseChatTests/Info.plist;
				LD_RUNPATH_SEARCH_PATHS = (
					"$(inherited)",
					"@executable_path/Frameworks",
					"@loader_path/Frameworks",
				);
				PRODUCT_BUNDLE_IDENTIFIER = com.gg.FirebaseChatTests;
				PRODUCT_NAME = "$(TARGET_NAME)";
				SWIFT_VERSION = 5.0;
				TARGETED_DEVICE_FAMILY = "1,2";
				TEST_HOST = "$(BUILT_PRODUCTS_DIR)/FirebaseChat.app/FirebaseChat";
			};
			name = Release;
		};
/* End XCBuildConfiguration section */

/* Begin XCConfigurationList section */
		B70B2A2B234E6AC000DBD376 /* Build configuration list for PBXProject "FirebaseChat" */ = {
			isa = XCConfigurationList;
			buildConfigurations = (
				B70B2A4E234E6AC200DBD376 /* Debug */,
				B70B2A4F234E6AC200DBD376 /* Release */,
			);
			defaultConfigurationIsVisible = 0;
			defaultConfigurationName = Release;
		};
		B70B2A50234E6AC200DBD376 /* Build configuration list for PBXNativeTarget "FirebaseChat" */ = {
			isa = XCConfigurationList;
			buildConfigurations = (
				B70B2A51234E6AC200DBD376 /* Debug */,
				B70B2A52234E6AC200DBD376 /* Release */,
			);
			defaultConfigurationIsVisible = 0;
			defaultConfigurationName = Release;
		};
		B70B2A53234E6AC200DBD376 /* Build configuration list for PBXNativeTarget "FirebaseChatTests" */ = {
			isa = XCConfigurationList;
			buildConfigurations = (
				B70B2A54234E6AC200DBD376 /* Debug */,
				B70B2A55234E6AC200DBD376 /* Release */,
			);
			defaultConfigurationIsVisible = 0;
			defaultConfigurationName = Release;
		};
/* End XCConfigurationList section */

/* Begin XCVersionGroup section */
		B70B2A3A234E6AC000DBD376 /* FirebaseChat.xcdatamodeld */ = {
			isa = XCVersionGroup;
			children = (
				B70B2A3B234E6AC000DBD376 /* FirebaseChat.xcdatamodel */,
			);
			currentVersion = B70B2A3B234E6AC000DBD376 /* FirebaseChat.xcdatamodel */;
			path = FirebaseChat.xcdatamodeld;
			sourceTree = "<group>";
			versionGroupType = wrapper.xcdatamodel;
		};
/* End XCVersionGroup section */
	};
	rootObject = B70B2A28234E6AC000DBD376 /* Project object */;
}
